{
  "name": "playwright-demo",
  "version": "1.0.0",
  "lockfileVersion": 2,
  "requires": true,
  "packages": {
    "": {
      "name": "playwright-demo",
      "version": "1.0.0",
      "license": "ISC",
      "dependencies": {
        "crypto": "^1.0.1",
        "csv-parse": "^5.3.0",
        "dotenv": "^16.0.1",
        "fast-csv": "^4.3.6"
      },
      "devDependencies": {
        "@playwright/test": "^1.23.3",
        "playwright": "^1.25.1"
      }
    },
    "node_modules/@fast-csv/format": {
      "version": "4.3.5",
      "resolved": "https://registry.npmjs.org/@fast-csv/format/-/format-4.3.5.tgz",
      "integrity": "sha512-8iRn6QF3I8Ak78lNAa+Gdl5MJJBM5vRHivFtMRUWINdevNo00K7OXxS2PshawLKTejVwieIlPmK5YlLu6w4u8A==",
      "dependencies": {
        "@types/node": "^14.0.1",
        "lodash.escaperegexp": "^4.1.2",
        "lodash.isboolean": "^3.0.3",
        "lodash.isequal": "^4.5.0",
        "lodash.isfunction": "^3.0.9",
        "lodash.isnil": "^4.0.0"
      }
    },
    "node_modules/@fast-csv/format/node_modules/@types/node": {
      "version": "14.18.32",
      "resolved": "https://registry.npmjs.org/@types/node/-/node-14.18.32.tgz",
      "integrity": "sha512-Y6S38pFr04yb13qqHf8uk1nHE3lXgQ30WZbv1mLliV9pt0NjvqdWttLcrOYLnXbOafknVYRHZGoMSpR9UwfYow=="
    },
    "node_modules/@fast-csv/parse": {
      "version": "4.3.6",
      "resolved": "https://registry.npmjs.org/@fast-csv/parse/-/parse-4.3.6.tgz",
      "integrity": "sha512-uRsLYksqpbDmWaSmzvJcuApSEe38+6NQZBUsuAyMZKqHxH0g1wcJgsKUvN3WC8tewaqFjBMMGrkHmC+T7k8LvA==",
      "dependencies": {
        "@types/node": "^14.0.1",
        "lodash.escaperegexp": "^4.1.2",
        "lodash.groupby": "^4.6.0",
        "lodash.isfunction": "^3.0.9",
        "lodash.isnil": "^4.0.0",
        "lodash.isundefined": "^3.0.1",
        "lodash.uniq": "^4.5.0"
      }
    },
    "node_modules/@fast-csv/parse/node_modules/@types/node": {
      "version": "14.18.32",
      "resolved": "https://registry.npmjs.org/@types/node/-/node-14.18.32.tgz",
      "integrity": "sha512-Y6S38pFr04yb13qqHf8uk1nHE3lXgQ30WZbv1mLliV9pt0NjvqdWttLcrOYLnXbOafknVYRHZGoMSpR9UwfYow=="
    },
    "node_modules/@playwright/test": {
      "version": "1.27.1",
      "resolved": "https://registry.npmjs.org/@playwright/test/-/test-1.27.1.tgz",
      "integrity": "sha512-mrL2q0an/7tVqniQQF6RBL2saskjljXzqNcCOVMUjRIgE6Y38nCNaP+Dc2FBW06bcpD3tqIws/HT9qiMHbNU0A==",
      "dev": true,
      "dependencies": {
        "@types/node": "*",
        "playwright-core": "1.27.1"
      },
      "bin": {
        "playwright": "cli.js"
      },
      "engines": {
        "node": ">=14"
      }
    },
    "node_modules/@types/node": {
      "version": "18.8.5",
      "resolved": "https://registry.npmjs.org/@types/node/-/node-18.8.5.tgz",
      "integrity": "sha512-Bq7G3AErwe5A/Zki5fdD3O6+0zDChhg671NfPjtIcbtzDNZTv4NPKMRFr7gtYPG7y+B8uTiNK4Ngd9T0FTar6Q==",
      "dev": true
    },
    "node_modules/crypto": {
      "version": "1.0.1",
      "resolved": "https://registry.npmjs.org/crypto/-/crypto-1.0.1.tgz",
      "integrity": "sha512-VxBKmeNcqQdiUQUW2Tzq0t377b54N2bMtXO/qiLa+6eRRmmC4qT3D4OnTGoT/U6O9aklQ/jTwbOtRMTTY8G0Ig==",
      "deprecated": "This package is no longer supported. It's now a built-in Node module. If you've depended on crypto, you should switch to the one that's built-in."
    },
    "node_modules/csv-parse": {
      "version": "5.3.1",
      "resolved": "https://registry.npmjs.org/csv-parse/-/csv-parse-5.3.1.tgz",
      "integrity": "sha512-R4Hv6eGJNzgcKdThZ6XORbSQ873HVcNke74QIq+LbwpT90LaZ8Xzl7KKiuIP16xq/P7ofzRt0h7S0xm+fVScsw=="
    },
    "node_modules/dotenv": {
      "version": "16.0.3",
      "resolved": "https://registry.npmjs.org/dotenv/-/dotenv-16.0.3.tgz",
      "integrity": "sha512-7GO6HghkA5fYG9TYnNxi14/7K9f5occMlp3zXAuSxn7CKCxt9xbNWG7yF8hTCSUchlfWSe3uLmlPfigevRItzQ==",
      "engines": {
        "node": ">=12"
      }
    },
    "node_modules/fast-csv": {
      "version": "4.3.6",
      "resolved": "https://registry.npmjs.org/fast-csv/-/fast-csv-4.3.6.tgz",
      "integrity": "sha512-2RNSpuwwsJGP0frGsOmTb9oUF+VkFSM4SyLTDgwf2ciHWTarN0lQTC+F2f/t5J9QjW+c65VFIAAu85GsvMIusw==",
      "dependencies": {
        "@fast-csv/format": "4.3.5",
        "@fast-csv/parse": "4.3.6"
      },
      "engines": {
        "node": ">=10.0.0"
      }
    },
    "node_modules/lodash.escaperegexp": {
      "version": "4.1.2",
      "resolved": "https://registry.npmjs.org/lodash.escaperegexp/-/lodash.escaperegexp-4.1.2.tgz",
      "integrity": "sha512-TM9YBvyC84ZxE3rgfefxUWiQKLilstD6k7PTGt6wfbtXF8ixIJLOL3VYyV/z+ZiPLsVxAsKAFVwWlWeb2Y8Yyw=="
    },
    "node_modules/lodash.groupby": {
      "version": "4.6.0",
      "resolved": "https://registry.npmjs.org/lodash.groupby/-/lodash.groupby-4.6.0.tgz",
      "integrity": "sha512-5dcWxm23+VAoz+awKmBaiBvzox8+RqMgFhi7UvX9DHZr2HdxHXM/Wrf8cfKpsW37RNrvtPn6hSwNqurSILbmJw=="
    },
    "node_modules/lodash.isboolean": {
      "version": "3.0.3",
      "resolved": "https://registry.npmjs.org/lodash.isboolean/-/lodash.isboolean-3.0.3.tgz",
      "integrity": "sha512-Bz5mupy2SVbPHURB98VAcw+aHh4vRV5IPNhILUCsOzRmsTmSQ17jIuqopAentWoehktxGd9e/hbIXq980/1QJg=="
    },
    "node_modules/lodash.isequal": {
      "version": "4.5.0",
      "resolved": "https://registry.npmjs.org/lodash.isequal/-/lodash.isequal-4.5.0.tgz",
      "integrity": "sha512-pDo3lu8Jhfjqls6GkMgpahsF9kCyayhgykjyLMNFTKWrpVdAQtYyB4muAMWozBB4ig/dtWAmsMxLEI8wuz+DYQ=="
    },
    "node_modules/lodash.isfunction": {
      "version": "3.0.9",
      "resolved": "https://registry.npmjs.org/lodash.isfunction/-/lodash.isfunction-3.0.9.tgz",
      "integrity": "sha512-AirXNj15uRIMMPihnkInB4i3NHeb4iBtNg9WRWuK2o31S+ePwwNmDPaTL3o7dTJ+VXNZim7rFs4rxN4YU1oUJw=="
    },
    "node_modules/lodash.isnil": {
      "version": "4.0.0",
      "resolved": "https://registry.npmjs.org/lodash.isnil/-/lodash.isnil-4.0.0.tgz",
      "integrity": "sha512-up2Mzq3545mwVnMhTDMdfoG1OurpA/s5t88JmQX809eH3C8491iu2sfKhTfhQtKY78oPNhiaHJUpT/dUDAAtng=="
    },
    "node_modules/lodash.isundefined": {
      "version": "3.0.1",
      "resolved": "https://registry.npmjs.org/lodash.isundefined/-/lodash.isundefined-3.0.1.tgz",
      "integrity": "sha512-MXB1is3s899/cD8jheYYE2V9qTHwKvt+npCwpD+1Sxm3Q3cECXCiYHjeHWXNwr6Q0SOBPrYUDxendrO6goVTEA=="
    },
    "node_modules/lodash.uniq": {
      "version": "4.5.0",
      "resolved": "https://registry.npmjs.org/lodash.uniq/-/lodash.uniq-4.5.0.tgz",
      "integrity": "sha512-xfBaXQd9ryd9dlSDvnvI0lvxfLJlYAZzXomUYzLKtUeOQvOP5piqAWuGtrhWeqaXK9hhoM/iyJc5AV+XfsX3HQ=="
    },
    "node_modules/playwright": {
      "version": "1.27.1",
      "resolved": "https://registry.npmjs.org/playwright/-/playwright-1.27.1.tgz",
      "integrity": "sha512-xXYZ7m36yTtC+oFgqH0eTgullGztKSRMb4yuwLPl8IYSmgBM88QiB+3IWb1mRIC9/NNwcgbG0RwtFlg+EAFQHQ==",
      "dev": true,
      "hasInstallScript": true,
      "dependencies": {
        "playwright-core": "1.27.1"
      },
      "bin": {
        "playwright": "cli.js"
      },
      "engines": {
        "node": ">=14"
      }
    },
    "node_modules/playwright-core": {
      "version": "1.27.1",
      "resolved": "https://registry.npmjs.org/playwright-core/-/playwright-core-1.27.1.tgz",
      "integrity": "sha512-9EmeXDncC2Pmp/z+teoVYlvmPWUC6ejSSYZUln7YaP89Z6lpAaiaAnqroUt/BoLo8tn7WYShcfaCh+xofZa44Q==",
      "dev": true,
      "bin": {
        "playwright": "cli.js"
      },
      "engines": {
        "node": ">=14"
      }
    }
  },
  "dependencies": {
    "@fast-csv/format": {
      "version": "4.3.5",
      "resolved": "https://registry.npmjs.org/@fast-csv/format/-/format-4.3.5.tgz",
      "integrity": "sha512-8iRn6QF3I8Ak78lNAa+Gdl5MJJBM5vRHivFtMRUWINdevNo00K7OXxS2PshawLKTejVwieIlPmK5YlLu6w4u8A==",
      "requires": {
        "@types/node": "^14.0.1",
        "lodash.escaperegexp": "^4.1.2",
        "lodash.isboolean": "^3.0.3",
        "lodash.isequal": "^4.5.0",
        "lodash.isfunction": "^3.0.9",
        "lodash.isnil": "^4.0.0"
      },
      "dependencies": {
        "@types/node": {
          "version": "14.18.32",
          "resolved": "https://registry.npmjs.org/@types/node/-/node-14.18.32.tgz",
          "integrity": "sha512-Y6S38pFr04yb13qqHf8uk1nHE3lXgQ30WZbv1mLliV9pt0NjvqdWttLcrOYLnXbOafknVYRHZGoMSpR9UwfYow=="
        }
      }
    },
    "@fast-csv/parse": {
      "version": "4.3.6",
      "resolved": "https://registry.npmjs.org/@fast-csv/parse/-/parse-4.3.6.tgz",
      "integrity": "sha512-uRsLYksqpbDmWaSmzvJcuApSEe38+6NQZBUsuAyMZKqHxH0g1wcJgsKUvN3WC8tewaqFjBMMGrkHmC+T7k8LvA==",
      "requires": {
        "@types/node": "^14.0.1",
        "lodash.escaperegexp": "^4.1.2",
        "lodash.groupby": "^4.6.0",
        "lodash.isfunction": "^3.0.9",
        "lodash.isnil": "^4.0.0",
        "lodash.isundefined": "^3.0.1",
        "lodash.uniq": "^4.5.0"
      },
      "dependencies": {
        "@types/node": {
          "version": "14.18.32",
          "resolved": "https://registry.npmjs.org/@types/node/-/node-14.18.32.tgz",
          "integrity": "sha512-Y6S38pFr04yb13qqHf8uk1nHE3lXgQ30WZbv1mLliV9pt0NjvqdWttLcrOYLnXbOafknVYRHZGoMSpR9UwfYow=="
        }
      }
    },
    "@playwright/test": {
      "version": "1.27.1",
      "resolved": "https://registry.npmjs.org/@playwright/test/-/test-1.27.1.tgz",
      "integrity": "sha512-mrL2q0an/7tVqniQQF6RBL2saskjljXzqNcCOVMUjRIgE6Y38nCNaP+Dc2FBW06bcpD3tqIws/HT9qiMHbNU0A==",
      "dev": true,
      "requires": {
        "@types/node": "*",
        "playwright-core": "1.27.1"
      }
    },
    "@types/node": {
      "version": "18.8.5",
      "resolved": "https://registry.npmjs.org/@types/node/-/node-18.8.5.tgz",
      "integrity": "sha512-Bq7G3AErwe5A/Zki5fdD3O6+0zDChhg671NfPjtIcbtzDNZTv4NPKMRFr7gtYPG7y+B8uTiNK4Ngd9T0FTar6Q==",
      "dev": true
    },
    "crypto": {
      "version": "1.0.1",
      "resolved": "https://registry.npmjs.org/crypto/-/crypto-1.0.1.tgz",
      "integrity": "sha512-VxBKmeNcqQdiUQUW2Tzq0t377b54N2bMtXO/qiLa+6eRRmmC4qT3D4OnTGoT/U6O9aklQ/jTwbOtRMTTY8G0Ig=="
    },
    "csv-parse": {
      "version": "5.3.1",
      "resolved": "https://registry.npmjs.org/csv-parse/-/csv-parse-5.3.1.tgz",
      "integrity": "sha512-R4Hv6eGJNzgcKdThZ6XORbSQ873HVcNke74QIq+LbwpT90LaZ8Xzl7KKiuIP16xq/P7ofzRt0h7S0xm+fVScsw=="
    },
    "dotenv": {
      "version": "16.0.3",
      "resolved": "https://registry.npmjs.org/dotenv/-/dotenv-16.0.3.tgz",
      "integrity": "sha512-7GO6HghkA5fYG9TYnNxi14/7K9f5occMlp3zXAuSxn7CKCxt9xbNWG7yF8hTCSUchlfWSe3uLmlPfigevRItzQ=="
    },
    "fast-csv": {
      "version": "4.3.6",
      "resolved": "https://registry.npmjs.org/fast-csv/-/fast-csv-4.3.6.tgz",
      "integrity": "sha512-2RNSpuwwsJGP0frGsOmTb9oUF+VkFSM4SyLTDgwf2ciHWTarN0lQTC+F2f/t5J9QjW+c65VFIAAu85GsvMIusw==",
      "requires": {
        "@fast-csv/format": "4.3.5",
        "@fast-csv/parse": "4.3.6"
      }
    },
    "lodash.escaperegexp": {
      "version": "4.1.2",
      "resolved": "https://registry.npmjs.org/lodash.escaperegexp/-/lodash.escaperegexp-4.1.2.tgz",
      "integrity": "sha512-TM9YBvyC84ZxE3rgfefxUWiQKLilstD6k7PTGt6wfbtXF8ixIJLOL3VYyV/z+ZiPLsVxAsKAFVwWlWeb2Y8Yyw=="
    },
    "lodash.groupby": {
      "version": "4.6.0",
      "resolved": "https://registry.npmjs.org/lodash.groupby/-/lodash.groupby-4.6.0.tgz",
      "integrity": "sha512-5dcWxm23+VAoz+awKmBaiBvzox8+RqMgFhi7UvX9DHZr2HdxHXM/Wrf8cfKpsW37RNrvtPn6hSwNqurSILbmJw=="
    },
    "lodash.isboolean": {
      "version": "3.0.3",
      "resolved": "https://registry.npmjs.org/lodash.isboolean/-/lodash.isboolean-3.0.3.tgz",
      "integrity": "sha512-Bz5mupy2SVbPHURB98VAcw+aHh4vRV5IPNhILUCsOzRmsTmSQ17jIuqopAentWoehktxGd9e/hbIXq980/1QJg=="
    },
    "lodash.isequal": {
      "version": "4.5.0",
      "resolved": "https://registry.npmjs.org/lodash.isequal/-/lodash.isequal-4.5.0.tgz",
      "integrity": "sha512-pDo3lu8Jhfjqls6GkMgpahsF9kCyayhgykjyLMNFTKWrpVdAQtYyB4muAMWozBB4ig/dtWAmsMxLEI8wuz+DYQ=="
    },
    "lodash.isfunction": {
      "version": "3.0.9",
      "resolved": "https://registry.npmjs.org/lodash.isfunction/-/lodash.isfunction-3.0.9.tgz",
      "integrity": "sha512-AirXNj15uRIMMPihnkInB4i3NHeb4iBtNg9WRWuK2o31S+ePwwNmDPaTL3o7dTJ+VXNZim7rFs4rxN4YU1oUJw=="
    },
    "lodash.isnil": {
      "version": "4.0.0",
      "resolved": "https://registry.npmjs.org/lodash.isnil/-/lodash.isnil-4.0.0.tgz",
      "integrity": "sha512-up2Mzq3545mwVnMhTDMdfoG1OurpA/s5t88JmQX809eH3C8491iu2sfKhTfhQtKY78oPNhiaHJUpT/dUDAAtng=="
    },
    "lodash.isundefined": {
      "version": "3.0.1",
      "resolved": "https://registry.npmjs.org/lodash.isundefined/-/lodash.isundefined-3.0.1.tgz",
      "integrity": "sha512-MXB1is3s899/cD8jheYYE2V9qTHwKvt+npCwpD+1Sxm3Q3cECXCiYHjeHWXNwr6Q0SOBPrYUDxendrO6goVTEA=="
    },
    "lodash.uniq": {
      "version": "4.5.0",
      "resolved": "https://registry.npmjs.org/lodash.uniq/-/lodash.uniq-4.5.0.tgz",
      "integrity": "sha512-xfBaXQd9ryd9dlSDvnvI0lvxfLJlYAZzXomUYzLKtUeOQvOP5piqAWuGtrhWeqaXK9hhoM/iyJc5AV+XfsX3HQ=="
    },
    "playwright": {
      "version": "1.27.1",
      "resolved": "https://registry.npmjs.org/playwright/-/playwright-1.27.1.tgz",
      "integrity": "sha512-xXYZ7m36yTtC+oFgqH0eTgullGztKSRMb4yuwLPl8IYSmgBM88QiB+3IWb1mRIC9/NNwcgbG0RwtFlg+EAFQHQ==",
      "dev": true,
      "requires": {
        "playwright-core": "1.27.1"
      }
    },
    "playwright-core": {
      "version": "1.27.1",
      "resolved": "https://registry.npmjs.org/playwright-core/-/playwright-core-1.27.1.tgz",
      "integrity": "sha512-9EmeXDncC2Pmp/z+teoVYlvmPWUC6ejSSYZUln7YaP89Z6lpAaiaAnqroUt/BoLo8tn7WYShcfaCh+xofZa44Q==",
      "dev": true
    }
  }
}
